// !$*UTF8*$!
{
	archiveVersion = 1;
	classes = {
	};
	objectVersion = 50;
	objects = {

/* Begin PBXBuildFile section */
		4DB279CB2283354F0017F7C2 /* AppDelegate.swift in Sources */ = {isa = PBXBuildFile; fileRef = 4DB279CA2283354F0017F7C2 /* AppDelegate.swift */; };
		4DB279CD2283354F0017F7C2 /* ViewController.swift in Sources */ = {isa = PBXBuildFile; fileRef = 4DB279CC2283354F0017F7C2 /* ViewController.swift */; };
		4DB279D02283354F0017F7C2 /* Main.storyboard in Resources */ = {isa = PBXBuildFile; fileRef = 4DB279CE2283354F0017F7C2 /* Main.storyboard */; };
		4DB279D32283354F0017F7C2 /* smart_menu_clientes.xcdatamodeld in Sources */ = {isa = PBXBuildFile; fileRef = 4DB279D12283354F0017F7C2 /* smart_menu_clientes.xcdatamodeld */; };
		4DB279D5228335520017F7C2 /* Assets.xcassets in Resources */ = {isa = PBXBuildFile; fileRef = 4DB279D4228335520017F7C2 /* Assets.xcassets */; };
		4DB279D8228335520017F7C2 /* LaunchScreen.storyboard in Resources */ = {isa = PBXBuildFile; fileRef = 4DB279D6228335520017F7C2 /* LaunchScreen.storyboard */; };
		4DB279E3228335530017F7C2 /* smart_menu_clientesTests.swift in Sources */ = {isa = PBXBuildFile; fileRef = 4DB279E2228335530017F7C2 /* smart_menu_clientesTests.swift */; };
		4DB279EE228335530017F7C2 /* smart_menu_clientesUITests.swift in Sources */ = {isa = PBXBuildFile; fileRef = 4DB279ED228335530017F7C2 /* smart_menu_clientesUITests.swift */; };
/* End PBXBuildFile section */

/* Begin PBXContainerItemProxy section */
		4DB279DF228335530017F7C2 /* PBXContainerItemProxy */ = {
			isa = PBXContainerItemProxy;
			containerPortal = 4DB279BF2283354F0017F7C2 /* Project object */;
			proxyType = 1;
			remoteGlobalIDString = 4DB279C62283354F0017F7C2;
			remoteInfo = "smart-menu-clientes";
		};
		4DB279EA228335530017F7C2 /* PBXContainerItemProxy */ = {
			isa = PBXContainerItemProxy;
			containerPortal = 4DB279BF2283354F0017F7C2 /* Project object */;
			proxyType = 1;
			remoteGlobalIDString = 4DB279C62283354F0017F7C2;
			remoteInfo = "smart-menu-clientes";
		};
/* End PBXContainerItemProxy section */

/* Begin PBXFileReference section */
		4DB279C72283354F0017F7C2 /* smart-menu-clientes.app */ = {isa = PBXFileReference; explicitFileType = wrapper.application; includeInIndex = 0; path = "smart-menu-clientes.app"; sourceTree = BUILT_PRODUCTS_DIR; };
		4DB279CA2283354F0017F7C2 /* AppDelegate.swift */ = {isa = PBXFileReference; lastKnownFileType = sourcecode.swift; path = AppDelegate.swift; sourceTree = "<group>"; };
		4DB279CC2283354F0017F7C2 /* ViewController.swift */ = {isa = PBXFileReference; lastKnownFileType = sourcecode.swift; path = ViewController.swift; sourceTree = "<group>"; };
		4DB279CF2283354F0017F7C2 /* Base */ = {isa = PBXFileReference; lastKnownFileType = file.storyboard; name = Base; path = Base.lproj/Main.storyboard; sourceTree = "<group>"; };
		4DB279D22283354F0017F7C2 /* smart_menu_clientes.xcdatamodel */ = {isa = PBXFileReference; lastKnownFileType = wrapper.xcdatamodel; path = smart_menu_clientes.xcdatamodel; sourceTree = "<group>"; };
		4DB279D4228335520017F7C2 /* Assets.xcassets */ = {isa = PBXFileReference; lastKnownFileType = folder.assetcatalog; path = Assets.xcassets; sourceTree = "<group>"; };
		4DB279D7228335520017F7C2 /* Base */ = {isa = PBXFileReference; lastKnownFileType = file.storyboard; name = Base; path = Base.lproj/LaunchScreen.storyboard; sourceTree = "<group>"; };
		4DB279D9228335520017F7C2 /* Info.plist */ = {isa = PBXFileReference; lastKnownFileType = text.plist.xml; path = Info.plist; sourceTree = "<group>"; };
		4DB279DE228335530017F7C2 /* smart-menu-clientesTests.xctest */ = {isa = PBXFileReference; explicitFileType = wrapper.cfbundle; includeInIndex = 0; path = "smart-menu-clientesTests.xctest"; sourceTree = BUILT_PRODUCTS_DIR; };
		4DB279E2228335530017F7C2 /* smart_menu_clientesTests.swift */ = {isa = PBXFileReference; lastKnownFileType = sourcecode.swift; path = smart_menu_clientesTests.swift; sourceTree = "<group>"; };
		4DB279E4228335530017F7C2 /* Info.plist */ = {isa = PBXFileReference; lastKnownFileType = text.plist.xml; path = Info.plist; sourceTree = "<group>"; };
		4DB279E9228335530017F7C2 /* smart-menu-clientesUITests.xctest */ = {isa = PBXFileReference; explicitFileType = wrapper.cfbundle; includeInIndex = 0; path = "smart-menu-clientesUITests.xctest"; sourceTree = BUILT_PRODUCTS_DIR; };
		4DB279ED228335530017F7C2 /* smart_menu_clientesUITests.swift */ = {isa = PBXFileReference; lastKnownFileType = sourcecode.swift; path = smart_menu_clientesUITests.swift; sourceTree = "<group>"; };
		4DB279EF228335530017F7C2 /* Info.plist */ = {isa = PBXFileReference; lastKnownFileType = text.plist.xml; path = Info.plist; sourceTree = "<group>"; };
/* End PBXFileReference section */

/* Begin PBXFrameworksBuildPhase section */
		4DB279C42283354F0017F7C2 /* Frameworks */ = {
			isa = PBXFrameworksBuildPhase;
			buildActionMask = 2147483647;
			files = (
			);
			runOnlyForDeploymentPostprocessing = 0;
		};
		4DB279DB228335530017F7C2 /* Frameworks */ = {
			isa = PBXFrameworksBuildPhase;
			buildActionMask = 2147483647;
			files = (
			);
			runOnlyForDeploymentPostprocessing = 0;
		};
		4DB279E6228335530017F7C2 /* Frameworks */ = {
			isa = PBXFrameworksBuildPhase;
			buildActionMask = 2147483647;
			files = (
			);
			runOnlyForDeploymentPostprocessing = 0;
		};
/* End PBXFrameworksBuildPhase section */

/* Begin PBXGroup section */
		4DB279BE2283354F0017F7C2 = {
			isa = PBXGroup;
			children = (
				4DB279C92283354F0017F7C2 /* smart-menu-clientes */,
				4DB279E1228335530017F7C2 /* smart-menu-clientesTests */,
				4DB279EC228335530017F7C2 /* smart-menu-clientesUITests */,
				4DB279C82283354F0017F7C2 /* Products */,
			);
			sourceTree = "<group>";
		};
		4DB279C82283354F0017F7C2 /* Products */ = {
			isa = PBXGroup;
			children = (
				4DB279C72283354F0017F7C2 /* smart-menu-clientes.app */,
				4DB279DE228335530017F7C2 /* smart-menu-clientesTests.xctest */,
				4DB279E9228335530017F7C2 /* smart-menu-clientesUITests.xctest */,
			);
			name = Products;
			sourceTree = "<group>";
		};
		4DB279C92283354F0017F7C2 /* smart-menu-clientes */ = {
			isa = PBXGroup;
			children = (
				4DB279CA2283354F0017F7C2 /* AppDelegate.swift */,
				4DB279CC2283354F0017F7C2 /* ViewController.swift */,
				4DB279CE2283354F0017F7C2 /* Main.storyboard */,
				4DB279D4228335520017F7C2 /* Assets.xcassets */,
				4DB279D6228335520017F7C2 /* LaunchScreen.storyboard */,
				4DB279D9228335520017F7C2 /* Info.plist */,
				4DB279D12283354F0017F7C2 /* smart_menu_clientes.xcdatamodeld */,
			);
			path = "smart-menu-clientes";
			sourceTree = "<group>";
		};
		4DB279E1228335530017F7C2 /* smart-menu-clientesTests */ = {
			isa = PBXGroup;
			children = (
				4DB279E2228335530017F7C2 /* smart_menu_clientesTests.swift */,
				4DB279E4228335530017F7C2 /* Info.plist */,
			);
			path = "smart-menu-clientesTests";
			sourceTree = "<group>";
		};
		4DB279EC228335530017F7C2 /* smart-menu-clientesUITests */ = {
			isa = PBXGroup;
			children = (
				4DB279ED228335530017F7C2 /* smart_menu_clientesUITests.swift */,
				4DB279EF228335530017F7C2 /* Info.plist */,
			);
			path = "smart-menu-clientesUITests";
			sourceTree = "<group>";
		};
/* End PBXGroup section */

/* Begin PBXNativeTarget section */
		4DB279C62283354F0017F7C2 /* smart-menu-clientes */ = {
			isa = PBXNativeTarget;
			buildConfigurationList = 4DB279F2228335530017F7C2 /* Build configuration list for PBXNativeTarget "smart-menu-clientes" */;
			buildPhases = (
				4DB279C32283354F0017F7C2 /* Sources */,
				4DB279C42283354F0017F7C2 /* Frameworks */,
				4DB279C52283354F0017F7C2 /* Resources */,
			);
			buildRules = (
			);
			dependencies = (
			);
			name = "smart-menu-clientes";
			productName = "smart-menu-clientes";
			productReference = 4DB279C72283354F0017F7C2 /* smart-menu-clientes.app */;
			productType = "com.apple.product-type.application";
		};
		4DB279DD228335530017F7C2 /* smart-menu-clientesTests */ = {
			isa = PBXNativeTarget;
			buildConfigurationList = 4DB279F5228335530017F7C2 /* Build configuration list for PBXNativeTarget "smart-menu-clientesTests" */;
			buildPhases = (
				4DB279DA228335530017F7C2 /* Sources */,
				4DB279DB228335530017F7C2 /* Frameworks */,
				4DB279DC228335530017F7C2 /* Resources */,
			);
			buildRules = (
			);
			dependencies = (
				4DB279E0228335530017F7C2 /* PBXTargetDependency */,
			);
			name = "smart-menu-clientesTests";
			productName = "smart-menu-clientesTests";
			productReference = 4DB279DE228335530017F7C2 /* smart-menu-clientesTests.xctest */;
			productType = "com.apple.product-type.bundle.unit-test";
		};
		4DB279E8228335530017F7C2 /* smart-menu-clientesUITests */ = {
			isa = PBXNativeTarget;
			buildConfigurationList = 4DB279F8228335530017F7C2 /* Build configuration list for PBXNativeTarget "smart-menu-clientesUITests" */;
			buildPhases = (
				4DB279E5228335530017F7C2 /* Sources */,
				4DB279E6228335530017F7C2 /* Frameworks */,
				4DB279E7228335530017F7C2 /* Resources */,
			);
			buildRules = (
			);
			dependencies = (
				4DB279EB228335530017F7C2 /* PBXTargetDependency */,
			);
			name = "smart-menu-clientesUITests";
			productName = "smart-menu-clientesUITests";
			productReference = 4DB279E9228335530017F7C2 /* smart-menu-clientesUITests.xctest */;
			productType = "com.apple.product-type.bundle.ui-testing";
		};
/* End PBXNativeTarget section */

/* Begin PBXProject section */
		4DB279BF2283354F0017F7C2 /* Project object */ = {
			isa = PBXProject;
			attributes = {
				LastSwiftUpdateCheck = 1010;
				LastUpgradeCheck = 1010;
				ORGANIZATIONNAME = "Vinicius Valente";
				TargetAttributes = {
					4DB279C62283354F0017F7C2 = {
						CreatedOnToolsVersion = 10.1;
					};
					4DB279DD228335530017F7C2 = {
						CreatedOnToolsVersion = 10.1;
						TestTargetID = 4DB279C62283354F0017F7C2;
					};
					4DB279E8228335530017F7C2 = {
						CreatedOnToolsVersion = 10.1;
						TestTargetID = 4DB279C62283354F0017F7C2;
					};
				};
			};
			buildConfigurationList = 4DB279C22283354F0017F7C2 /* Build configuration list for PBXProject "smart-menu-clientes" */;
			compatibilityVersion = "Xcode 9.3";
			developmentRegion = en;
			hasScannedForEncodings = 0;
			knownRegions = (
				en,
				Base,
			);
			mainGroup = 4DB279BE2283354F0017F7C2;
			productRefGroup = 4DB279C82283354F0017F7C2 /* Products */;
			projectDirPath = "";
			projectRoot = "";
			targets = (
				4DB279C62283354F0017F7C2 /* smart-menu-clientes */,
				4DB279DD228335530017F7C2 /* smart-menu-clientesTests */,
				4DB279E8228335530017F7C2 /* smart-menu-clientesUITests */,
			);
		};
/* End PBXProject section */

/* Begin PBXResourcesBuildPhase section */
		4DB279C52283354F0017F7C2 /* Resources */ = {
			isa = PBXResourcesBuildPhase;
			buildActionMask = 2147483647;
			files = (
				4DB279D8228335520017F7C2 /* LaunchScreen.storyboard in Resources */,
				4DB279D5228335520017F7C2 /* Assets.xcassets in Resources */,
				4DB279D02283354F0017F7C2 /* Main.storyboard in Resources */,
			);
			runOnlyForDeploymentPostprocessing = 0;
		};
		4DB279DC228335530017F7C2 /* Resources */ = {
			isa = PBXResourcesBuildPhase;
			buildActionMask = 2147483647;
			files = (
			);
			runOnlyForDeploymentPostprocessing = 0;
		};
		4DB279E7228335530017F7C2 /* Resources */ = {
			isa = PBXResourcesBuildPhase;
			buildActionMask = 2147483647;
			files = (
			);
			runOnlyForDeploymentPostprocessing = 0;
		};
/* End PBXResourcesBuildPhase section */

/* Begin PBXSourcesBuildPhase section */
		4DB279C32283354F0017F7C2 /* Sources */ = {
			isa = PBXSourcesBuildPhase;
			buildActionMask = 2147483647;
			files = (
				4DB279D32283354F0017F7C2 /* smart_menu_clientes.xcdatamodeld in Sources */,
				4DB279CD2283354F0017F7C2 /* ViewController.swift in Sources */,
				4DB279CB2283354F0017F7C2 /* AppDelegate.swift in Sources */,
			);
			runOnlyForDeploymentPostprocessing = 0;
		};
		4DB279DA228335530017F7C2 /* Sources */ = {
			isa = PBXSourcesBuildPhase;
			buildActionMask = 2147483647;
			files = (
				4DB279E3228335530017F7C2 /* smart_menu_clientesTests.swift in Sources */,
			);
			runOnlyForDeploymentPostprocessing = 0;
		};
		4DB279E5228335530017F7C2 /* Sources */ = {
			isa = PBXSourcesBuildPhase;
			buildActionMask = 2147483647;
			files = (
				4DB279EE228335530017F7C2 /* smart_menu_clientesUITests.swift in Sources */,
			);
			runOnlyForDeploymentPostprocessing = 0;
		};
/* End PBXSourcesBuildPhase section */

/* Begin PBXTargetDependency section */
		4DB279E0228335530017F7C2 /* PBXTargetDependency */ = {
			isa = PBXTargetDependency;
			target = 4DB279C62283354F0017F7C2 /* smart-menu-clientes */;
			targetProxy = 4DB279DF228335530017F7C2 /* PBXContainerItemProxy */;
		};
		4DB279EB228335530017F7C2 /* PBXTargetDependency */ = {
			isa = PBXTargetDependency;
			target = 4DB279C62283354F0017F7C2 /* smart-menu-clientes */;
			targetProxy = 4DB279EA228335530017F7C2 /* PBXContainerItemProxy */;
		};
/* End PBXTargetDependency section */

/* Begin PBXVariantGroup section */
		4DB279CE2283354F0017F7C2 /* Main.storyboard */ = {
			isa = PBXVariantGroup;
			children = (
				4DB279CF2283354F0017F7C2 /* Base */,
			);
			name = Main.storyboard;
			sourceTree = "<group>";
		};
		4DB279D6228335520017F7C2 /* LaunchScreen.storyboard */ = {
			isa = PBXVariantGroup;
			children = (
				4DB279D7228335520017F7C2 /* Base */,
			);
			name = LaunchScreen.storyboard;
			sourceTree = "<group>";
		};
/* End PBXVariantGroup section */

/* Begin XCBuildConfiguration section */
		4DB279F0228335530017F7C2 /* Debug */ = {
			isa = XCBuildConfiguration;
			buildSettings = {
				ALWAYS_SEARCH_USER_PATHS = NO;
				CLANG_ANALYZER_NONNULL = YES;
				CLANG_ANALYZER_NUMBER_OBJECT_CONVERSION = YES_AGGRESSIVE;
				CLANG_CXX_LANGUAGE_STANDARD = "gnu++14";
				CLANG_CXX_LIBRARY = "libc++";
				CLANG_ENABLE_MODULES = YES;
				CLANG_ENABLE_OBJC_ARC = YES;
				CLANG_ENABLE_OBJC_WEAK = YES;
				CLANG_WARN_BLOCK_CAPTURE_AUTORELEASING = YES;
				CLANG_WARN_BOOL_CONVERSION = YES;
				CLANG_WARN_COMMA = YES;
				CLANG_WARN_CONSTANT_CONVERSION = YES;
				CLANG_WARN_DEPRECATED_OBJC_IMPLEMENTATIONS = YES;
				CLANG_WARN_DIRECT_OBJC_ISA_USAGE = YES_ERROR;
				CLANG_WARN_DOCUMENTATION_COMMENTS = YES;
				CLANG_WARN_EMPTY_BODY = YES;
				CLANG_WARN_ENUM_CONVERSION = YES;
				CLANG_WARN_INFINITE_RECURSION = YES;
				CLANG_WARN_INT_CONVERSION = YES;
				CLANG_WARN_NON_LITERAL_NULL_CONVERSION = YES;
				CLANG_WARN_OBJC_IMPLICIT_RETAIN_SELF = YES;
				CLANG_WARN_OBJC_LITERAL_CONVERSION = YES;
				CLANG_WARN_OBJC_ROOT_CLASS = YES_ERROR;
				CLANG_WARN_RANGE_LOOP_ANALYSIS = YES;
				CLANG_WARN_STRICT_PROTOTYPES = YES;
				CLANG_WARN_SUSPICIOUS_MOVE = YES;
				CLANG_WARN_UNGUARDED_AVAILABILITY = YES_AGGRESSIVE;
				CLANG_WARN_UNREACHABLE_CODE = YES;
				CLANG_WARN__DUPLICATE_METHOD_MATCH = YES;
				CODE_SIGN_IDENTITY = "iPhone Developer";
				COPY_PHASE_STRIP = NO;
				DEBUG_INFORMATION_FORMAT = dwarf;
				ENABLE_STRICT_OBJC_MSGSEND = YES;
				ENABLE_TESTABILITY = YES;
				GCC_C_LANGUAGE_STANDARD = gnu11;
				GCC_DYNAMIC_NO_PIC = NO;
				GCC_NO_COMMON_BLOCKS = YES;
				GCC_OPTIMIZATION_LEVEL = 0;
				GCC_PREPROCESSOR_DEFINITIONS = (
					"DEBUG=1",
					"$(inherited)",
				);
				GCC_WARN_64_TO_32_BIT_CONVERSION = YES;
				GCC_WARN_ABOUT_RETURN_TYPE = YES_ERROR;
				GCC_WARN_UNDECLARED_SELECTOR = YES;
				GCC_WARN_UNINITIALIZED_AUTOS = YES_AGGRESSIVE;
				GCC_WARN_UNUSED_FUNCTION = YES;
				GCC_WARN_UNUSED_VARIABLE = YES;
				IPHONEOS_DEPLOYMENT_TARGET = 12.1;
				MTL_ENABLE_DEBUG_INFO = INCLUDE_SOURCE;
				MTL_FAST_MATH = YES;
				ONLY_ACTIVE_ARCH = YES;
				SDKROOT = iphoneos;
				SWIFT_ACTIVE_COMPILATION_CONDITIONS = DEBUG;
				SWIFT_OPTIMIZATION_LEVEL = "-Onone";
			};
			name = Debug;
		};
		4DB279F1228335530017F7C2 /* Release */ = {
			isa = XCBuildConfiguration;
			buildSettings = {
				ALWAYS_SEARCH_USER_PATHS = NO;
				CLANG_ANALYZER_NONNULL = YES;
				CLANG_ANALYZER_NUMBER_OBJECT_CONVERSION = YES_AGGRESSIVE;
				CLANG_CXX_LANGUAGE_STANDARD = "gnu++14";
				CLANG_CXX_LIBRARY = "libc++";
				CLANG_ENABLE_MODULES = YES;
				CLANG_ENABLE_OBJC_ARC = YES;
				CLANG_ENABLE_OBJC_WEAK = YES;
				CLANG_WARN_BLOCK_CAPTURE_AUTORELEASING = YES;
				CLANG_WARN_BOOL_CONVERSION = YES;
				CLANG_WARN_COMMA = YES;
				CLANG_WARN_CONSTANT_CONVERSION = YES;
				CLANG_WARN_DEPRECATED_OBJC_IMPLEMENTATIONS = YES;
				CLANG_WARN_DIRECT_OBJC_ISA_USAGE = YES_ERROR;
				CLANG_WARN_DOCUMENTATION_COMMENTS = YES;
				CLANG_WARN_EMPTY_BODY = YES;
				CLANG_WARN_ENUM_CONVERSION = YES;
				CLANG_WARN_INFINITE_RECURSION = YES;
				CLANG_WARN_INT_CONVERSION = YES;
				CLANG_WARN_NON_LITERAL_NULL_CONVERSION = YES;
				CLANG_WARN_OBJC_IMPLICIT_RETAIN_SELF = YES;
				CLANG_WARN_OBJC_LITERAL_CONVERSION = YES;
				CLANG_WARN_OBJC_ROOT_CLASS = YES_ERROR;
				CLANG_WARN_RANGE_LOOP_ANALYSIS = YES;
				CLANG_WARN_STRICT_PROTOTYPES = YES;
				CLANG_WARN_SUSPICIOUS_MOVE = YES;
				CLANG_WARN_UNGUARDED_AVAILABILITY = YES_AGGRESSIVE;
				CLANG_WARN_UNREACHABLE_CODE = YES;
				CLANG_WARN__DUPLICATE_METHOD_MATCH = YES;
				CODE_SIGN_IDENTITY = "iPhone Developer";
				COPY_PHASE_STRIP = NO;
				DEBUG_INFORMATION_FORMAT = "dwarf-with-dsym";
				ENABLE_NS_ASSERTIONS = NO;
				ENABLE_STRICT_OBJC_MSGSEND = YES;
				GCC_C_LANGUAGE_STANDARD = gnu11;
				GCC_NO_COMMON_BLOCKS = YES;
				GCC_WARN_64_TO_32_BIT_CONVERSION = YES;
				GCC_WARN_ABOUT_RETURN_TYPE = YES_ERROR;
				GCC_WARN_UNDECLARED_SELECTOR = YES;
				GCC_WARN_UNINITIALIZED_AUTOS = YES_AGGRESSIVE;
				GCC_WARN_UNUSED_FUNCTION = YES;
				GCC_WARN_UNUSED_VARIABLE = YES;
				IPHONEOS_DEPLOYMENT_TARGET = 12.1;
				MTL_ENABLE_DEBUG_INFO = NO;
				MTL_FAST_MATH = YES;
				SDKROOT = iphoneos;
				SWIFT_COMPILATION_MODE = wholemodule;
				SWIFT_OPTIMIZATION_LEVEL = "-O";
				VALIDATE_PRODUCT = YES;
			};
			name = Release;
		};
		4DB279F3228335530017F7C2 /* Debug */ = {
			isa = XCBuildConfiguration;
			buildSettings = {
				ASSETCATALOG_COMPILER_APPICON_NAME = AppIcon;
				CODE_SIGN_STYLE = Automatic;
				DEVELOPMENT_TEAM = SH9MGW49N9;
				INFOPLIST_FILE = "smart-menu-clientes/Info.plist";
				LD_RUNPATH_SEARCH_PATHS = (
					"$(inherited)",
					"@executable_path/Frameworks",
				);
				PRODUCT_BUNDLE_IDENTIFIER = "vinicius-valente.smart-menu-clientes";
				PRODUCT_NAME = "$(TARGET_NAME)";
				SWIFT_VERSION = 4.2;
				TARGETED_DEVICE_FAMILY = "1,2";
			};
			name = Debug;
		};
		4DB279F4228335530017F7C2 /* Release */ = {
			isa = XCBuildConfiguration;
			buildSettings = {
				ASSETCATALOG_COMPILER_APPICON_NAME = AppIcon;
				CODE_SIGN_STYLE = Automatic;
				DEVELOPMENT_TEAM = SH9MGW49N9;
				INFOPLIST_FILE = "smart-menu-clientes/Info.plist";
				LD_RUNPATH_SEARCH_PATHS = (
					"$(inherited)",
					"@executable_path/Frameworks",
				);
				PRODUCT_BUNDLE_IDENTIFIER = "vinicius-valente.smart-menu-clientes";
				PRODUCT_NAME = "$(TARGET_NAME)";
				SWIFT_VERSION = 4.2;
				TARGETED_DEVICE_FAMILY = "1,2";
			};
			name = Release;
		};
		4DB279F6228335530017F7C2 /* Debug */ = {
			isa = XCBuildConfiguration;
			buildSettings = {
				ALWAYS_EMBED_SWIFT_STANDARD_LIBRARIES = YES;
				BUNDLE_LOADER = "$(TEST_HOST)";
				CODE_SIGN_STYLE = Automatic;
				DEVELOPMENT_TEAM = SH9MGW49N9;
				INFOPLIST_FILE = "smart-menu-clientesTests/Info.plist";
				LD_RUNPATH_SEARCH_PATHS = (
					"$(inherited)",
					"@executable_path/Frameworks",
					"@loader_path/Frameworks",
				);
				PRODUCT_BUNDLE_IDENTIFIER = "vinicius-valente.smart-menu-clientesTests";
				PRODUCT_NAME = "$(TARGET_NAME)";
				SWIFT_VERSION = 4.2;
				TARGETED_DEVICE_FAMILY = "1,2";
				TEST_HOST = "$(BUILT_PRODUCTS_DIR)/smart-menu-clientes.app/smart-menu-clientes";
			};
			name = Debug;
		};
		4DB279F7228335530017F7C2 /* Release */ = {
			isa = XCBuildConfiguration;
			buildSettings = {
				ALWAYS_EMBED_SWIFT_STANDARD_LIBRARIES = YES;
				BUNDLE_LOADER = "$(TEST_HOST)";
				CODE_SIGN_STYLE = Automatic;
				DEVELOPMENT_TEAM = SH9MGW49N9;
				INFOPLIST_FILE = "smart-menu-clientesTests/Info.plist";
				LD_RUNPATH_SEARCH_PATHS = (
					"$(inherited)",
					"@executable_path/Frameworks",
					"@loader_path/Frameworks",
				);
				PRODUCT_BUNDLE_IDENTIFIER = "vinicius-valente.smart-menu-clientesTests";
				PRODUCT_NAME = "$(TARGET_NAME)";
				SWIFT_VERSION = 4.2;
				TARGETED_DEVICE_FAMILY = "1,2";
				TEST_HOST = "$(BUILT_PRODUCTS_DIR)/smart-menu-clientes.app/smart-menu-clientes";
			};
			name = Release;
		};
		4DB279F9228335530017F7C2 /* Debug */ = {
			isa = XCBuildConfiguration;
			buildSettings = {
				ALWAYS_EMBED_SWIFT_STANDARD_LIBRARIES = YES;
				CODE_SIGN_STYLE = Automatic;
				DEVELOPMENT_TEAM = SH9MGW49N9;
				INFOPLIST_FILE = "smart-menu-clientesUITests/Info.plist";
				LD_RUNPATH_SEARCH_PATHS = (
					"$(inherited)",
					"@executable_path/Frameworks",
					"@loader_path/Frameworks",
				);
				PRODUCT_BUNDLE_IDENTIFIER = "vinicius-valente.smart-menu-clientesUITests";
				PRODUCT_NAME = "$(TARGET_NAME)";
				SWIFT_VERSION = 4.2;
				TARGETED_DEVICE_FAMILY = "1,2";
				TEST_TARGET_NAME = "smart-menu-clientes";
			};
			name = Debug;
		};
		4DB279FA228335530017F7C2 /* Release */ = {
			isa = XCBuildConfiguration;
			buildSettings = {
				ALWAYS_EMBED_SWIFT_STANDARD_LIBRARIES = YES;
				CODE_SIGN_STYLE = Automatic;
				DEVELOPMENT_TEAM = SH9MGW49N9;
				INFOPLIST_FILE = "smart-menu-clientesUITests/Info.plist";
				LD_RUNPATH_SEARCH_PATHS = (
					"$(inherited)",
					"@executable_path/Frameworks",
					"@loader_path/Frameworks",
				);
				PRODUCT_BUNDLE_IDENTIFIER = "vinicius-valente.smart-menu-clientesUITests";
				PRODUCT_NAME = "$(TARGET_NAME)";
				SWIFT_VERSION = 4.2;
				TARGETED_DEVICE_FAMILY = "1,2";
				TEST_TARGET_NAME = "smart-menu-clientes";
			};
			name = Release;
		};
/* End XCBuildConfiguration section */

/* Begin XCConfigurationList section */
		4DB279C22283354F0017F7C2 /* Build configuration list for PBXProject "smart-menu-clientes" */ = {
			isa = XCConfigurationList;
			buildConfigurations = (
				4DB279F0228335530017F7C2 /* Debug */,
				4DB279F1228335530017F7C2 /* Release */,
			);
			defaultConfigurationIsVisible = 0;
			defaultConfigurationName = Release;
		};
		4DB279F2228335530017F7C2 /* Build configuration list for PBXNativeTarget "smart-menu-clientes" */ = {
			isa = XCConfigurationList;
			buildConfigurations = (
				4DB279F3228335530017F7C2 /* Debug */,
				4DB279F4228335530017F7C2 /* Release */,
			);
			defaultConfigurationIsVisible = 0;
			defaultConfigurationName = Release;
		};
		4DB279F5228335530017F7C2 /* Build configuration list for PBXNativeTarget "smart-menu-clientesTests" */ = {
			isa = XCConfigurationList;
			buildConfigurations = (
				4DB279F6228335530017F7C2 /* Debug */,
				4DB279F7228335530017F7C2 /* Release */,
			);
			defaultConfigurationIsVisible = 0;
			defaultConfigurationName = Release;
		};
		4DB279F8228335530017F7C2 /* Build configuration list for PBXNativeTarget "smart-menu-clientesUITests" */ = {
			isa = XCConfigurationList;
			buildConfigurations = (
				4DB279F9228335530017F7C2 /* Debug */,
				4DB279FA228335530017F7C2 /* Release */,
			);
			defaultConfigurationIsVisible = 0;
			defaultConfigurationName = Release;
		};
/* End XCConfigurationList section */

/* Begin XCVersionGroup section */
		4DB279D12283354F0017F7C2 /* smart_menu_clientes.xcdatamodeld */ = {
			isa = XCVersionGroup;
			children = (
				4DB279D22283354F0017F7C2 /* smart_menu_clientes.xcdatamodel */,
			);
			currentVersion = 4DB279D22283354F0017F7C2 /* smart_menu_clientes.xcdatamodel */;
			path = smart_menu_clientes.xcdatamodeld;
			sourceTree = "<group>";
			versionGroupType = wrapper.xcdatamodel;
		};
/* End XCVersionGroup section */
	};
	rootObject = 4DB279BF2283354F0017F7C2 /* Project object */;
}
